
Microsoft Visual Studio Solution File, Format Version 12.00
# Visual Studio Version 17
VisualStudioVersion = 17.2.32505.173
MinimumVisualStudioVersion = 10.0.40219.1
Project("{FAE04EC0-301F-11D3-BF4B-00C04F79EFBC}") = "Ambulance", "Ambulance\Ambulance.csproj", "{8F022037-E85C-4BCB-A300-A92AB2F7D877}"
EndProject
Global
	GlobalSection(SolutionConfigurationPlatforms) = preSolution
		Debug|Any CPU = Debug|Any CPU
		Release|Any CPU = Release|Any CPU
	EndGlobalSection
	GlobalSection(ProjectConfigurationPlatforms) = postSolution
		{8F022037-E85C-4BCB-A300-A92AB2F7D877}.Debug|Any CPU.ActiveCfg = Debug|Any CPU
		{8F022037-E85C-4BCB-A300-A92AB2F7D877}.Debug|Any CPU.Build.0 = Debug|Any CPU
		{8F022037-E85C-4BCB-A300-A92AB2F7D877}.Release|Any CPU.ActiveCfg = Release|Any CPU
		{8F022037-E85C-4BCB-A300-A92AB2F7D877}.Release|Any CPU.Build.0 = Release|Any CPU
	EndGlobalSection
	GlobalSection(SolutionProperties) = preSolution
		HideSolutionNode = FALSE
	EndGlobalSection
	GlobalSection(ExtensibilityGlobals) = postSolution
		SolutionGuid = {9EBC7208-DAE0-4473-9B16-2CB2E5BC32DC}
	EndGlobalSection
EndGlobal
